
Microsoft Visual Studio Solution File, Format Version 12.00
# Visual Studio Version 17
VisualStudioVersion = 17.13.35931.197 d17.13
MinimumVisualStudioVersion = 10.0.40219.1
Project("{FAE04EC0-301F-11D3-BF4B-00C04F79EFBC}") = "WebAPICodeFirstDemo", "WeAPICodeFirstDemo\WebAPICodeFirstDemo.csproj", "{8FA9AF07-3E02-4769-B9A2-E42A613F43F4}"
EndProject
Global
	GlobalSection(SolutionConfigurationPlatforms) = preSolution
		Debug|Any CPU = Debug|Any CPU
		Release|Any CPU = Release|Any CPU
	EndGlobalSection
	GlobalSection(ProjectConfigurationPlatforms) = postSolution
		{8FA9AF07-3E02-4769-B9A2-E42A613F43F4}.Debug|Any CPU.ActiveCfg = Debug|Any CPU
		{8FA9AF07-3E02-4769-B9A2-E42A613F43F4}.Debug|Any CPU.Build.0 = Debug|Any CPU
		{8FA9AF07-3E02-4769-B9A2-E42A613F43F4}.Release|Any CPU.ActiveCfg = Release|Any CPU
		{8FA9AF07-3E02-4769-B9A2-E42A613F43F4}.Release|Any CPU.Build.0 = Release|Any CPU
	EndGlobalSection
	GlobalSection(SolutionProperties) = preSolution
		HideSolutionNode = FALSE
	EndGlobalSection
	GlobalSection(ExtensibilityGlobals) = postSolution
		SolutionGuid = {CB0276D2-2B35-4DE1-B63F-05CE463A6947}
	EndGlobalSection
EndGlobal
